
Microsoft Visual Studio Solution File, Format Version 12.00
# Visual Studio Version 16
VisualStudioVersion = 16.0.29306.81
MinimumVisualStudioVersion = 10.0.40219.1
Project("{FAE04EC0-301F-11D3-BF4B-00C04F79EFBC}") = "ProductWebApi", "ProductWebApi.csproj", "{882D643F-DC1C-40B3-A164-D95DAD65970B}"
EndProject
Global
	GlobalSection(SolutionConfigurationPlatforms) = preSolution
		Debug|Any CPU = Debug|Any CPU
		Release|Any CPU = Release|Any CPU
	EndGlobalSection
	GlobalSection(ProjectConfigurationPlatforms) = postSolution
		{882D643F-DC1C-40B3-A164-D95DAD65970B}.Debug|Any CPU.ActiveCfg = Debug|Any CPU
		{882D643F-DC1C-40B3-A164-D95DAD65970B}.Debug|Any CPU.Build.0 = Debug|Any CPU
		{882D643F-DC1C-40B3-A164-D95DAD65970B}.Release|Any CPU.ActiveCfg = Release|Any CPU
		{882D643F-DC1C-40B3-A164-D95DAD65970B}.Release|Any CPU.Build.0 = Release|Any CPU
	EndGlobalSection
	GlobalSection(SolutionProperties) = preSolution
		HideSolutionNode = FALSE
	EndGlobalSection
	GlobalSection(ExtensibilityGlobals) = postSolution
		SolutionGuid = {42CDD259-94A3-4913-A772-4D6883070762}
	EndGlobalSection
EndGlobal
